
Microsoft Visual Studio Solution File, Format Version 12.00
# Visual Studio Version 17
VisualStudioVersion = 17.12.35728.132 d17.12
MinimumVisualStudioVersion = 10.0.40219.1
Project("{FAE04EC0-301F-11D3-BF4B-00C04F79EFBC}") = "UnitTests", "UnitTests\UnitTests.csproj", "{F72CB86A-AAA8-4091-B4DA-15C3324C47E2}"
EndProject
Project("{FAE04EC0-301F-11D3-BF4B-00C04F79EFBC}") = "KataPotter", "KataPotter\KataPotter.csproj", "{BA01AC97-EEF3-4762-ABD6-A1FE5876615D}"
EndProject
Project("{2150E333-8FDC-42A3-9474-1A3956D46DE8}") = "Solution Items", "Solution Items", "{C55203BA-8F49-49F2-A8F9-BB05D6666241}"
	ProjectSection(SolutionItems) = preProject
		README.md = README.md
	EndProjectSection
EndProject
Global
	GlobalSection(SolutionConfigurationPlatforms) = preSolution
		Debug|Any CPU = Debug|Any CPU
		Release|Any CPU = Release|Any CPU
	EndGlobalSection
	GlobalSection(ProjectConfigurationPlatforms) = postSolution
		{F72CB86A-AAA8-4091-B4DA-15C3324C47E2}.Debug|Any CPU.ActiveCfg = Debug|Any CPU
		{F72CB86A-AAA8-4091-B4DA-15C3324C47E2}.Debug|Any CPU.Build.0 = Debug|Any CPU
		{F72CB86A-AAA8-4091-B4DA-15C3324C47E2}.Release|Any CPU.ActiveCfg = Release|Any CPU
		{F72CB86A-AAA8-4091-B4DA-15C3324C47E2}.Release|Any CPU.Build.0 = Release|Any CPU
		{BA01AC97-EEF3-4762-ABD6-A1FE5876615D}.Debug|Any CPU.ActiveCfg = Debug|Any CPU
		{BA01AC97-EEF3-4762-ABD6-A1FE5876615D}.Debug|Any CPU.Build.0 = Debug|Any CPU
		{BA01AC97-EEF3-4762-ABD6-A1FE5876615D}.Release|Any CPU.ActiveCfg = Release|Any CPU
		{BA01AC97-EEF3-4762-ABD6-A1FE5876615D}.Release|Any CPU.Build.0 = Release|Any CPU
	EndGlobalSection
	GlobalSection(SolutionProperties) = preSolution
		HideSolutionNode = FALSE
	EndGlobalSection
EndGlobal
